
Microsoft Visual Studio Solution File, Format Version 12.00
# Visual Studio 2015
Project("{FAE04EC0-301F-11D3-BF4B-00C04F79EFBC}") = "Cardboard VR First Project", "Cardboard VR First Project.csproj", "{2196A028-C557-5AA3-5399-5988F66A17BA}"
EndProject
Project("{FAE04EC0-301F-11D3-BF4B-00C04F79EFBC}") = "Cardboard VR First Project.Editor", "Cardboard VR First Project.Editor.csproj", "{871F0C67-3770-1523-A983-60696A3EC092}"
EndProject
Global
	GlobalSection(SolutionConfigurationPlatforms) = preSolution
		Debug|Any CPU = Debug|Any CPU
		Release|Any CPU = Release|Any CPU
	EndGlobalSection
	GlobalSection(ProjectConfigurationPlatforms) = postSolution
		{2196A028-C557-5AA3-5399-5988F66A17BA}.Debug|Any CPU.ActiveCfg = Debug|Any CPU
		{2196A028-C557-5AA3-5399-5988F66A17BA}.Debug|Any CPU.Build.0 = Debug|Any CPU
		{2196A028-C557-5AA3-5399-5988F66A17BA}.Release|Any CPU.ActiveCfg = Release|Any CPU
		{2196A028-C557-5AA3-5399-5988F66A17BA}.Release|Any CPU.Build.0 = Release|Any CPU
		{871F0C67-3770-1523-A983-60696A3EC092}.Debug|Any CPU.ActiveCfg = Debug|Any CPU
		{871F0C67-3770-1523-A983-60696A3EC092}.Debug|Any CPU.Build.0 = Debug|Any CPU
		{871F0C67-3770-1523-A983-60696A3EC092}.Release|Any CPU.ActiveCfg = Release|Any CPU
		{871F0C67-3770-1523-A983-60696A3EC092}.Release|Any CPU.Build.0 = Release|Any CPU
	EndGlobalSection
	GlobalSection(SolutionProperties) = preSolution
		HideSolutionNode = FALSE
	EndGlobalSection
EndGlobal
